// !$*UTF8*$!
{
	archiveVersion = 1;
	classes = {
	};
	objectVersion = 55;
	objects = {

/* Begin PBXBuildFile section */
		8A1E84BE27C7FC9800DC04A1 /* GameAPIEndpoint.swift in Sources */ = {isa = PBXBuildFile; fileRef = 8A1E84BD27C7FC9800DC04A1 /* GameAPIEndpoint.swift */; };
		8A2E174427CBB1B5003FE06E /* Assets.xcassets in Resources */ = {isa = PBXBuildFile; fileRef = 8AD4D80327C6D3CC0027A1CC /* Assets.xcassets */; };
		8A2E174C27CBC63F003FE06E /* SettingsView.swift in Sources */ = {isa = PBXBuildFile; fileRef = 8A2E174B27CBC63F003FE06E /* SettingsView.swift */; };
		8A2E174E27CBC649003FE06E /* SettingsViewModel.swift in Sources */ = {isa = PBXBuildFile; fileRef = 8A2E174D27CBC649003FE06E /* SettingsViewModel.swift */; };
		8A45797927C93E7800084EC3 /* Typealiases.swift in Sources */ = {isa = PBXBuildFile; fileRef = 8A45797827C93E7800084EC3 /* Typealiases.swift */; };
		8A45797B27C9400300084EC3 /* GameAPIClient.swift in Sources */ = {isa = PBXBuildFile; fileRef = 8A45797A27C9400300084EC3 /* GameAPIClient.swift */; };
		8A45797E27C964BD00084EC3 /* APIErrorMapper.swift in Sources */ = {isa = PBXBuildFile; fileRef = 8A45797D27C964BD00084EC3 /* APIErrorMapper.swift */; };
		8A45798227C9747500084EC3 /* Localizable.strings in Resources */ = {isa = PBXBuildFile; fileRef = 8A45798427C9747500084EC3 /* Localizable.strings */; };
		8A770F1E27C7C197007B32F4 /* preguntas.json in Resources */ = {isa = PBXBuildFile; fileRef = 8A770F1C27C7B9E9007B32F4 /* preguntas.json */; };
		8AD3EA6427D28C4200951276 /* HomeCoordinatorView.swift in Sources */ = {isa = PBXBuildFile; fileRef = 8AD3EA6327D28C4200951276 /* HomeCoordinatorView.swift */; };
		8AD3EA6627D28C6800951276 /* HomeCoordinator.swift in Sources */ = {isa = PBXBuildFile; fileRef = 8AD3EA6527D28C6800951276 /* HomeCoordinator.swift */; };
		8AD4D80027C6D3CB0027A1CC /* PreguntasIosApp.swift in Sources */ = {isa = PBXBuildFile; fileRef = 8AD4D7FF27C6D3CB0027A1CC /* PreguntasIosApp.swift */; };
		8AD4D80727C6D3CC0027A1CC /* Preview Assets.xcassets in Resources */ = {isa = PBXBuildFile; fileRef = 8AD4D80627C6D3CC0027A1CC /* Preview Assets.xcassets */; };
		8AD4D81127C6D3CC0027A1CC /* PreguntasIosTests.swift in Sources */ = {isa = PBXBuildFile; fileRef = 8AD4D81027C6D3CC0027A1CC /* PreguntasIosTests.swift */; };
		8AD4D81B27C6D3CC0027A1CC /* PreguntasIosUITests.swift in Sources */ = {isa = PBXBuildFile; fileRef = 8AD4D81A27C6D3CC0027A1CC /* PreguntasIosUITests.swift */; };
		8AD4D81D27C6D3CC0027A1CC /* PreguntasIosUITestsLaunchTests.swift in Sources */ = {isa = PBXBuildFile; fileRef = 8AD4D81C27C6D3CC0027A1CC /* PreguntasIosUITestsLaunchTests.swift */; };
		8AD4D82C27C6D4D90027A1CC /* Question.swift in Sources */ = {isa = PBXBuildFile; fileRef = 8AD4D82B27C6D4D90027A1CC /* Question.swift */; };
		8AD4D82E27C6D5210027A1CC /* QuestionCategory.swift in Sources */ = {isa = PBXBuildFile; fileRef = 8AD4D82D27C6D5210027A1CC /* QuestionCategory.swift */; };
		8AD4D83027C6D54F0027A1CC /* Questions.swift in Sources */ = {isa = PBXBuildFile; fileRef = 8AD4D82F27C6D54F0027A1CC /* Questions.swift */; };
		8AD4D83227C6D5A10027A1CC /* Language.swift in Sources */ = {isa = PBXBuildFile; fileRef = 8AD4D83127C6D5A10027A1CC /* Language.swift */; };
		8AD4D83427C6D5D50027A1CC /* GameMode.swift in Sources */ = {isa = PBXBuildFile; fileRef = 8AD4D83327C6D5D50027A1CC /* GameMode.swift */; };
		8AD4D83627C6D6180027A1CC /* FeedbackType.swift in Sources */ = {isa = PBXBuildFile; fileRef = 8AD4D83527C6D6180027A1CC /* FeedbackType.swift */; };
		8AD4D83827C6D6340027A1CC /* FeedbackSatisfaction.swift in Sources */ = {isa = PBXBuildFile; fileRef = 8AD4D83727C6D6340027A1CC /* FeedbackSatisfaction.swift */; };
		8AD4D83B27C6D70C0027A1CC /* GameUseCase.swift in Sources */ = {isa = PBXBuildFile; fileRef = 8AD4D83A27C6D70C0027A1CC /* GameUseCase.swift */; };
		8AD4D84C27C6E5F80027A1CC /* SplashView.swift in Sources */ = {isa = PBXBuildFile; fileRef = 8AD4D84B27C6E5F80027A1CC /* SplashView.swift */; };
		8AD4D84E27C6E63E0027A1CC /* SplashViewModel.swift in Sources */ = {isa = PBXBuildFile; fileRef = 8AD4D84D27C6E63E0027A1CC /* SplashViewModel.swift */; };
		8AD4D85127C6E92B0027A1CC /* NetworkResponse.swift in Sources */ = {isa = PBXBuildFile; fileRef = 8AD4D85027C6E92B0027A1CC /* NetworkResponse.swift */; };
		8AD4D85427C6E9B70027A1CC /* AnyPublisher+Create.swift in Sources */ = {isa = PBXBuildFile; fileRef = 8AD4D85327C6E9B70027A1CC /* AnyPublisher+Create.swift */; };
		8AD4D85D27C6ECB30027A1CC /* HTTPMethod.swift in Sources */ = {isa = PBXBuildFile; fileRef = 8AD4D85C27C6ECB30027A1CC /* HTTPMethod.swift */; };
		8AD4D86B27C713B20027A1CC /* EnvironmentConfig.swift in Sources */ = {isa = PBXBuildFile; fileRef = 8AD4D86A27C713B20027A1CC /* EnvironmentConfig.swift */; };
		8AED223B27D83030006F7AB4 /* View+Navigation.swift in Sources */ = {isa = PBXBuildFile; fileRef = 8AED223A27D83030006F7AB4 /* View+Navigation.swift */; };
		8AFE69F627CF991F00BA719F /* PlayersSetupView.swift in Sources */ = {isa = PBXBuildFile; fileRef = 8AFE69F527CF991F00BA719F /* PlayersSetupView.swift */; };
		8AFE69F827CF992900BA719F /* PlayersSetupViewModel.swift in Sources */ = {isa = PBXBuildFile; fileRef = 8AFE69F727CF992900BA719F /* PlayersSetupViewModel.swift */; };
		8AFE6A0027D046A200BA719F /* GameView.swift in Sources */ = {isa = PBXBuildFile; fileRef = 8AFE69FF27D046A200BA719F /* GameView.swift */; };
		8AFE6A0227D046AB00BA719F /* GameViewModel.swift in Sources */ = {isa = PBXBuildFile; fileRef = 8AFE6A0127D046AB00BA719F /* GameViewModel.swift */; };
		8AFE6A0427D0492200BA719F /* Player.swift in Sources */ = {isa = PBXBuildFile; fileRef = 8AFE6A0327D0492200BA719F /* Player.swift */; };
/* End PBXBuildFile section */

/* Begin PBXContainerItemProxy section */
		8AD4D80D27C6D3CC0027A1CC /* PBXContainerItemProxy */ = {
			isa = PBXContainerItemProxy;
			containerPortal = 8AD4D7F427C6D3CB0027A1CC /* Project object */;
			proxyType = 1;
			remoteGlobalIDString = 8AD4D7FB27C6D3CB0027A1CC;
			remoteInfo = PreguntasIos;
		};
		8AD4D81727C6D3CC0027A1CC /* PBXContainerItemProxy */ = {
			isa = PBXContainerItemProxy;
			containerPortal = 8AD4D7F427C6D3CB0027A1CC /* Project object */;
			proxyType = 1;
			remoteGlobalIDString = 8AD4D7FB27C6D3CB0027A1CC;
			remoteInfo = PreguntasIos;
		};
/* End PBXContainerItemProxy section */

/* Begin PBXFileReference section */
		8A1E84BD27C7FC9800DC04A1 /* GameAPIEndpoint.swift */ = {isa = PBXFileReference; lastKnownFileType = sourcecode.swift; path = GameAPIEndpoint.swift; sourceTree = "<group>"; };
		8A2E174B27CBC63F003FE06E /* SettingsView.swift */ = {isa = PBXFileReference; lastKnownFileType = sourcecode.swift; path = SettingsView.swift; sourceTree = "<group>"; };
		8A2E174D27CBC649003FE06E /* SettingsViewModel.swift */ = {isa = PBXFileReference; lastKnownFileType = sourcecode.swift; path = SettingsViewModel.swift; sourceTree = "<group>"; };
		8A45797827C93E7800084EC3 /* Typealiases.swift */ = {isa = PBXFileReference; lastKnownFileType = sourcecode.swift; path = Typealiases.swift; sourceTree = "<group>"; };
		8A45797A27C9400300084EC3 /* GameAPIClient.swift */ = {isa = PBXFileReference; lastKnownFileType = sourcecode.swift; path = GameAPIClient.swift; sourceTree = "<group>"; };
		8A45797D27C964BD00084EC3 /* APIErrorMapper.swift */ = {isa = PBXFileReference; lastKnownFileType = sourcecode.swift; path = APIErrorMapper.swift; sourceTree = "<group>"; };
		8A45798327C9747500084EC3 /* en */ = {isa = PBXFileReference; lastKnownFileType = text.plist.strings; name = en; path = en.lproj/Localizable.strings; sourceTree = "<group>"; };
		8A45798527C9747900084EC3 /* fr */ = {isa = PBXFileReference; lastKnownFileType = text.plist.strings; name = fr; path = fr.lproj/Localizable.strings; sourceTree = "<group>"; };
		8A45798627C9747A00084EC3 /* de */ = {isa = PBXFileReference; lastKnownFileType = text.plist.strings; name = de; path = de.lproj/Localizable.strings; sourceTree = "<group>"; };
		8A45798727C9747B00084EC3 /* pt-BR */ = {isa = PBXFileReference; lastKnownFileType = text.plist.strings; name = "pt-BR"; path = "pt-BR.lproj/Localizable.strings"; sourceTree = "<group>"; };
		8A45798827C9747C00084EC3 /* es */ = {isa = PBXFileReference; lastKnownFileType = text.plist.strings; name = es; path = es.lproj/Localizable.strings; sourceTree = "<group>"; };
		8A770F1C27C7B9E9007B32F4 /* preguntas.json */ = {isa = PBXFileReference; fileEncoding = 4; lastKnownFileType = text.json; path = preguntas.json; sourceTree = "<group>"; };
		8AD3EA6327D28C4200951276 /* HomeCoordinatorView.swift */ = {isa = PBXFileReference; lastKnownFileType = sourcecode.swift; path = HomeCoordinatorView.swift; sourceTree = "<group>"; };
		8AD3EA6527D28C6800951276 /* HomeCoordinator.swift */ = {isa = PBXFileReference; lastKnownFileType = sourcecode.swift; path = HomeCoordinator.swift; sourceTree = "<group>"; };
		8AD4D7FC27C6D3CB0027A1CC /* PreguntasIos.app */ = {isa = PBXFileReference; explicitFileType = wrapper.application; includeInIndex = 0; path = PreguntasIos.app; sourceTree = BUILT_PRODUCTS_DIR; };
		8AD4D7FF27C6D3CB0027A1CC /* PreguntasIosApp.swift */ = {isa = PBXFileReference; lastKnownFileType = sourcecode.swift; path = PreguntasIosApp.swift; sourceTree = "<group>"; };
		8AD4D80327C6D3CC0027A1CC /* Assets.xcassets */ = {isa = PBXFileReference; lastKnownFileType = folder.assetcatalog; path = Assets.xcassets; sourceTree = "<group>"; };
		8AD4D80627C6D3CC0027A1CC /* Preview Assets.xcassets */ = {isa = PBXFileReference; lastKnownFileType = folder.assetcatalog; path = "Preview Assets.xcassets"; sourceTree = "<group>"; };
		8AD4D80C27C6D3CC0027A1CC /* PreguntasIosTests.xctest */ = {isa = PBXFileReference; explicitFileType = wrapper.cfbundle; includeInIndex = 0; path = PreguntasIosTests.xctest; sourceTree = BUILT_PRODUCTS_DIR; };
		8AD4D81027C6D3CC0027A1CC /* PreguntasIosTests.swift */ = {isa = PBXFileReference; lastKnownFileType = sourcecode.swift; path = PreguntasIosTests.swift; sourceTree = "<group>"; };
		8AD4D81627C6D3CC0027A1CC /* PreguntasIosUITests.xctest */ = {isa = PBXFileReference; explicitFileType = wrapper.cfbundle; includeInIndex = 0; path = PreguntasIosUITests.xctest; sourceTree = BUILT_PRODUCTS_DIR; };
		8AD4D81A27C6D3CC0027A1CC /* PreguntasIosUITests.swift */ = {isa = PBXFileReference; lastKnownFileType = sourcecode.swift; path = PreguntasIosUITests.swift; sourceTree = "<group>"; };
		8AD4D81C27C6D3CC0027A1CC /* PreguntasIosUITestsLaunchTests.swift */ = {isa = PBXFileReference; lastKnownFileType = sourcecode.swift; path = PreguntasIosUITestsLaunchTests.swift; sourceTree = "<group>"; };
		8AD4D82B27C6D4D90027A1CC /* Question.swift */ = {isa = PBXFileReference; lastKnownFileType = sourcecode.swift; path = Question.swift; sourceTree = "<group>"; };
		8AD4D82D27C6D5210027A1CC /* QuestionCategory.swift */ = {isa = PBXFileReference; lastKnownFileType = sourcecode.swift; path = QuestionCategory.swift; sourceTree = "<group>"; };
		8AD4D82F27C6D54F0027A1CC /* Questions.swift */ = {isa = PBXFileReference; lastKnownFileType = sourcecode.swift; path = Questions.swift; sourceTree = "<group>"; };
		8AD4D83127C6D5A10027A1CC /* Language.swift */ = {isa = PBXFileReference; lastKnownFileType = sourcecode.swift; path = Language.swift; sourceTree = "<group>"; };
		8AD4D83327C6D5D50027A1CC /* GameMode.swift */ = {isa = PBXFileReference; lastKnownFileType = sourcecode.swift; path = GameMode.swift; sourceTree = "<group>"; };
		8AD4D83527C6D6180027A1CC /* FeedbackType.swift */ = {isa = PBXFileReference; lastKnownFileType = sourcecode.swift; path = FeedbackType.swift; sourceTree = "<group>"; };
		8AD4D83727C6D6340027A1CC /* FeedbackSatisfaction.swift */ = {isa = PBXFileReference; lastKnownFileType = sourcecode.swift; path = FeedbackSatisfaction.swift; sourceTree = "<group>"; };
		8AD4D83A27C6D70C0027A1CC /* GameUseCase.swift */ = {isa = PBXFileReference; lastKnownFileType = sourcecode.swift; path = GameUseCase.swift; sourceTree = "<group>"; };
		8AD4D84027C6D7850027A1CC /* Info.plist */ = {isa = PBXFileReference; lastKnownFileType = text.plist; path = Info.plist; sourceTree = "<group>"; };
		8AD4D84B27C6E5F80027A1CC /* SplashView.swift */ = {isa = PBXFileReference; lastKnownFileType = sourcecode.swift; path = SplashView.swift; sourceTree = "<group>"; };
		8AD4D84D27C6E63E0027A1CC /* SplashViewModel.swift */ = {isa = PBXFileReference; lastKnownFileType = sourcecode.swift; path = SplashViewModel.swift; sourceTree = "<group>"; };
		8AD4D85027C6E92B0027A1CC /* NetworkResponse.swift */ = {isa = PBXFileReference; lastKnownFileType = sourcecode.swift; path = NetworkResponse.swift; sourceTree = "<group>"; };
		8AD4D85327C6E9B70027A1CC /* AnyPublisher+Create.swift */ = {isa = PBXFileReference; lastKnownFileType = sourcecode.swift; path = "AnyPublisher+Create.swift"; sourceTree = "<group>"; };
		8AD4D85C27C6ECB30027A1CC /* HTTPMethod.swift */ = {isa = PBXFileReference; lastKnownFileType = sourcecode.swift; path = HTTPMethod.swift; sourceTree = "<group>"; };
		8AD4D86A27C713B20027A1CC /* EnvironmentConfig.swift */ = {isa = PBXFileReference; lastKnownFileType = sourcecode.swift; path = EnvironmentConfig.swift; sourceTree = "<group>"; };
		8AED223A27D83030006F7AB4 /* View+Navigation.swift */ = {isa = PBXFileReference; lastKnownFileType = sourcecode.swift; path = "View+Navigation.swift"; sourceTree = "<group>"; };
		8AFE69F527CF991F00BA719F /* PlayersSetupView.swift */ = {isa = PBXFileReference; lastKnownFileType = sourcecode.swift; path = PlayersSetupView.swift; sourceTree = "<group>"; };
		8AFE69F727CF992900BA719F /* PlayersSetupViewModel.swift */ = {isa = PBXFileReference; lastKnownFileType = sourcecode.swift; path = PlayersSetupViewModel.swift; sourceTree = "<group>"; };
		8AFE69FF27D046A200BA719F /* GameView.swift */ = {isa = PBXFileReference; lastKnownFileType = sourcecode.swift; path = GameView.swift; sourceTree = "<group>"; };
		8AFE6A0127D046AB00BA719F /* GameViewModel.swift */ = {isa = PBXFileReference; lastKnownFileType = sourcecode.swift; path = GameViewModel.swift; sourceTree = "<group>"; };
		8AFE6A0327D0492200BA719F /* Player.swift */ = {isa = PBXFileReference; lastKnownFileType = sourcecode.swift; path = Player.swift; sourceTree = "<group>"; };
/* End PBXFileReference section */

/* Begin PBXFrameworksBuildPhase section */
		8AD4D7F927C6D3CB0027A1CC /* Frameworks */ = {
			isa = PBXFrameworksBuildPhase;
			buildActionMask = 2147483647;
			files = (
			);
			runOnlyForDeploymentPostprocessing = 0;
		};
		8AD4D80927C6D3CC0027A1CC /* Frameworks */ = {
			isa = PBXFrameworksBuildPhase;
			buildActionMask = 2147483647;
			files = (
			);
			runOnlyForDeploymentPostprocessing = 0;
		};
		8AD4D81327C6D3CC0027A1CC /* Frameworks */ = {
			isa = PBXFrameworksBuildPhase;
			buildActionMask = 2147483647;
			files = (
			);
			runOnlyForDeploymentPostprocessing = 0;
		};
/* End PBXFrameworksBuildPhase section */

/* Begin PBXGroup section */
		8A2E174A27CBC632003FE06E /* Settings */ = {
			isa = PBXGroup;
			children = (
				8A2E174B27CBC63F003FE06E /* SettingsView.swift */,
				8A2E174D27CBC649003FE06E /* SettingsViewModel.swift */,
			);
			path = Settings;
			sourceTree = "<group>";
		};
		8A45797727C93E6900084EC3 /* Configuration */ = {
			isa = PBXGroup;
			children = (
				8AD4D86A27C713B20027A1CC /* EnvironmentConfig.swift */,
				8A45797827C93E7800084EC3 /* Typealiases.swift */,
			);
			path = Configuration;
			sourceTree = "<group>";
		};
		8A45797C27C964B600084EC3 /* Utils */ = {
			isa = PBXGroup;
			children = (
				8AED223927D83022006F7AB4 /* Extensions */,
				8A45797D27C964BD00084EC3 /* APIErrorMapper.swift */,
			);
			path = Utils;
			sourceTree = "<group>";
		};
		8A45797F27C96A7E00084EC3 /* Localization */ = {
			isa = PBXGroup;
			children = (
				8A45798427C9747500084EC3 /* Localizable.strings */,
			);
			path = Localization;
			sourceTree = "<group>";
		};
		8A770F1A27C7B9A6007B32F4 /* Resources */ = {
			isa = PBXGroup;
			children = (
				8A45797F27C96A7E00084EC3 /* Localization */,
				8A770F1B27C7B9D7007B32F4 /* Stubs */,
			);
			path = Resources;
			sourceTree = "<group>";
		};
		8A770F1B27C7B9D7007B32F4 /* Stubs */ = {
			isa = PBXGroup;
			children = (
				8A770F1C27C7B9E9007B32F4 /* preguntas.json */,
			);
			path = Stubs;
			sourceTree = "<group>";
		};
		8AD3EA6227D28C3300951276 /* HomeCoordinator */ = {
			isa = PBXGroup;
			children = (
				8AD3EA6527D28C6800951276 /* HomeCoordinator.swift */,
				8AD3EA6327D28C4200951276 /* HomeCoordinatorView.swift */,
			);
			path = HomeCoordinator;
			sourceTree = "<group>";
		};
		8AD4D7F327C6D3CB0027A1CC = {
			isa = PBXGroup;
			children = (
				8AD4D7FE27C6D3CB0027A1CC /* PreguntasIos */,
				8AD4D80F27C6D3CC0027A1CC /* PreguntasIosTests */,
				8AD4D81927C6D3CC0027A1CC /* PreguntasIosUITests */,
				8AD4D7FD27C6D3CB0027A1CC /* Products */,
			);
			sourceTree = "<group>";
		};
		8AD4D7FD27C6D3CB0027A1CC /* Products */ = {
			isa = PBXGroup;
			children = (
				8AD4D7FC27C6D3CB0027A1CC /* PreguntasIos.app */,
				8AD4D80C27C6D3CC0027A1CC /* PreguntasIosTests.xctest */,
				8AD4D81627C6D3CC0027A1CC /* PreguntasIosUITests.xctest */,
			);
			name = Products;
			sourceTree = "<group>";
		};
		8AD4D7FE27C6D3CB0027A1CC /* PreguntasIos */ = {
			isa = PBXGroup;
			children = (
				8AD4D80327C6D3CC0027A1CC /* Assets.xcassets */,
				8A45797727C93E6900084EC3 /* Configuration */,
				8AD4D84827C6E5B40027A1CC /* DataSource */,
				8AD4D82927C6D49B0027A1CC /* Domain */,
				8AD4D84027C6D7850027A1CC /* Info.plist */,
				8AD4D84427C6E2220027A1CC /* Modules */,
				8AD4D7FF27C6D3CB0027A1CC /* PreguntasIosApp.swift */,
				8AD4D80527C6D3CC0027A1CC /* Preview Content */,
				8A770F1A27C7B9A6007B32F4 /* Resources */,
				8A45797C27C964B600084EC3 /* Utils */,
			);
			path = PreguntasIos;
			sourceTree = "<group>";
		};
		8AD4D80527C6D3CC0027A1CC /* Preview Content */ = {
			isa = PBXGroup;
			children = (
				8AD4D80627C6D3CC0027A1CC /* Preview Assets.xcassets */,
			);
			path = "Preview Content";
			sourceTree = "<group>";
		};
		8AD4D80F27C6D3CC0027A1CC /* PreguntasIosTests */ = {
			isa = PBXGroup;
			children = (
				8AD4D81027C6D3CC0027A1CC /* PreguntasIosTests.swift */,
			);
			path = PreguntasIosTests;
			sourceTree = "<group>";
		};
		8AD4D81927C6D3CC0027A1CC /* PreguntasIosUITests */ = {
			isa = PBXGroup;
			children = (
				8AD4D81A27C6D3CC0027A1CC /* PreguntasIosUITests.swift */,
				8AD4D81C27C6D3CC0027A1CC /* PreguntasIosUITestsLaunchTests.swift */,
			);
			path = PreguntasIosUITests;
			sourceTree = "<group>";
		};
		8AD4D82927C6D49B0027A1CC /* Domain */ = {
			isa = PBXGroup;
			children = (
				8AD4D85227C6E9A50027A1CC /* Utils */,
				8AD4D83927C6D6F40027A1CC /* UseCase */,
				8AD4D82A27C6D4CB0027A1CC /* Model */,
			);
			path = Domain;
			sourceTree = "<group>";
		};
		8AD4D82A27C6D4CB0027A1CC /* Model */ = {
			isa = PBXGroup;
			children = (
				8AD4D83727C6D6340027A1CC /* FeedbackSatisfaction.swift */,
				8AD4D83527C6D6180027A1CC /* FeedbackType.swift */,
				8AD4D83327C6D5D50027A1CC /* GameMode.swift */,
				8AD4D83127C6D5A10027A1CC /* Language.swift */,
				8AFE6A0327D0492200BA719F /* Player.swift */,
				8AD4D82B27C6D4D90027A1CC /* Question.swift */,
				8AD4D82D27C6D5210027A1CC /* QuestionCategory.swift */,
				8AD4D82F27C6D54F0027A1CC /* Questions.swift */,
			);
			path = Model;
			sourceTree = "<group>";
		};
		8AD4D83927C6D6F40027A1CC /* UseCase */ = {
			isa = PBXGroup;
			children = (
				8AD4D83A27C6D70C0027A1CC /* GameUseCase.swift */,
			);
			path = UseCase;
			sourceTree = "<group>";
		};
		8AD4D84427C6E2220027A1CC /* Modules */ = {
			isa = PBXGroup;
			children = (
				8AFE69FE27D0465600BA719F /* Game */,
				8AD3EA6227D28C3300951276 /* HomeCoordinator */,
				8AFE69F427CF990800BA719F /* PlayersSetup */,
				8A2E174A27CBC632003FE06E /* Settings */,
				8AD4D84A27C6E5EA0027A1CC /* Splash */,
			);
			path = Modules;
			sourceTree = "<group>";
		};
		8AD4D84827C6E5B40027A1CC /* DataSource */ = {
			isa = PBXGroup;
			children = (
				8AD4D84F27C6E7E40027A1CC /* Networking */,
			);
			path = DataSource;
			sourceTree = "<group>";
		};
		8AD4D84A27C6E5EA0027A1CC /* Splash */ = {
			isa = PBXGroup;
			children = (
				8AD4D84B27C6E5F80027A1CC /* SplashView.swift */,
				8AD4D84D27C6E63E0027A1CC /* SplashViewModel.swift */,
			);
			path = Splash;
			sourceTree = "<group>";
		};
		8AD4D84F27C6E7E40027A1CC /* Networking */ = {
			isa = PBXGroup;
			children = (
				8AD4D85927C6EC790027A1CC /* Utils */,
				8A45797A27C9400300084EC3 /* GameAPIClient.swift */,
			);
			path = Networking;
			sourceTree = "<group>";
		};
		8AD4D85227C6E9A50027A1CC /* Utils */ = {
			isa = PBXGroup;
			children = (
				8AD4D85327C6E9B70027A1CC /* AnyPublisher+Create.swift */,
			);
			path = Utils;
			sourceTree = "<group>";
		};
		8AD4D85927C6EC790027A1CC /* Utils */ = {
			isa = PBXGroup;
			children = (
				8AD4D85027C6E92B0027A1CC /* NetworkResponse.swift */,
				8AD4D85C27C6ECB30027A1CC /* HTTPMethod.swift */,
				8A1E84BD27C7FC9800DC04A1 /* GameAPIEndpoint.swift */,
			);
			path = Utils;
			sourceTree = "<group>";
		};
		8AED223927D83022006F7AB4 /* Extensions */ = {
			isa = PBXGroup;
			children = (
				8AED223A27D83030006F7AB4 /* View+Navigation.swift */,
			);
			path = Extensions;
			sourceTree = "<group>";
		};
		8AFE69F427CF990800BA719F /* PlayersSetup */ = {
			isa = PBXGroup;
			children = (
				8AFE69F527CF991F00BA719F /* PlayersSetupView.swift */,
				8AFE69F727CF992900BA719F /* PlayersSetupViewModel.swift */,
			);
			path = PlayersSetup;
			sourceTree = "<group>";
		};
		8AFE69FE27D0465600BA719F /* Game */ = {
			isa = PBXGroup;
			children = (
				8AFE69FF27D046A200BA719F /* GameView.swift */,
				8AFE6A0127D046AB00BA719F /* GameViewModel.swift */,
			);
			path = Game;
			sourceTree = "<group>";
		};
/* End PBXGroup section */

/* Begin PBXNativeTarget section */
		8AD4D7FB27C6D3CB0027A1CC /* PreguntasIos */ = {
			isa = PBXNativeTarget;
			buildConfigurationList = 8AD4D82027C6D3CC0027A1CC /* Build configuration list for PBXNativeTarget "PreguntasIos" */;
			buildPhases = (
				8AD4D7F827C6D3CB0027A1CC /* Sources */,
				8A6163DA27C7EC3D00A6AD9E /* SwiftLint */,
				8AD4D7F927C6D3CB0027A1CC /* Frameworks */,
				8AD4D7FA27C6D3CB0027A1CC /* Resources */,
			);
			buildRules = (
			);
			dependencies = (
			);
			name = PreguntasIos;
			productName = PreguntasIos;
			productReference = 8AD4D7FC27C6D3CB0027A1CC /* PreguntasIos.app */;
			productType = "com.apple.product-type.application";
		};
		8AD4D80B27C6D3CC0027A1CC /* PreguntasIosTests */ = {
			isa = PBXNativeTarget;
			buildConfigurationList = 8AD4D82327C6D3CC0027A1CC /* Build configuration list for PBXNativeTarget "PreguntasIosTests" */;
			buildPhases = (
				8AD4D80827C6D3CC0027A1CC /* Sources */,
				8AD4D80927C6D3CC0027A1CC /* Frameworks */,
				8AD4D80A27C6D3CC0027A1CC /* Resources */,
			);
			buildRules = (
			);
			dependencies = (
				8AD4D80E27C6D3CC0027A1CC /* PBXTargetDependency */,
			);
			name = PreguntasIosTests;
			productName = PreguntasIosTests;
			productReference = 8AD4D80C27C6D3CC0027A1CC /* PreguntasIosTests.xctest */;
			productType = "com.apple.product-type.bundle.unit-test";
		};
		8AD4D81527C6D3CC0027A1CC /* PreguntasIosUITests */ = {
			isa = PBXNativeTarget;
			buildConfigurationList = 8AD4D82627C6D3CC0027A1CC /* Build configuration list for PBXNativeTarget "PreguntasIosUITests" */;
			buildPhases = (
				8AD4D81227C6D3CC0027A1CC /* Sources */,
				8AD4D81327C6D3CC0027A1CC /* Frameworks */,
				8AD4D81427C6D3CC0027A1CC /* Resources */,
			);
			buildRules = (
			);
			dependencies = (
				8AD4D81827C6D3CC0027A1CC /* PBXTargetDependency */,
			);
			name = PreguntasIosUITests;
			productName = PreguntasIosUITests;
			productReference = 8AD4D81627C6D3CC0027A1CC /* PreguntasIosUITests.xctest */;
			productType = "com.apple.product-type.bundle.ui-testing";
		};
/* End PBXNativeTarget section */

/* Begin PBXProject section */
		8AD4D7F427C6D3CB0027A1CC /* Project object */ = {
			isa = PBXProject;
			attributes = {
				BuildIndependentTargetsInParallel = 1;
				LastSwiftUpdateCheck = 1310;
				LastUpgradeCheck = 1310;
				TargetAttributes = {
					8AD4D7FB27C6D3CB0027A1CC = {
						CreatedOnToolsVersion = 13.1;
					};
					8AD4D80B27C6D3CC0027A1CC = {
						CreatedOnToolsVersion = 13.1;
						TestTargetID = 8AD4D7FB27C6D3CB0027A1CC;
					};
					8AD4D81527C6D3CC0027A1CC = {
						CreatedOnToolsVersion = 13.1;
						TestTargetID = 8AD4D7FB27C6D3CB0027A1CC;
					};
				};
			};
			buildConfigurationList = 8AD4D7F727C6D3CB0027A1CC /* Build configuration list for PBXProject "PreguntasIos" */;
			compatibilityVersion = "Xcode 13.0";
			developmentRegion = en;
			hasScannedForEncodings = 0;
			knownRegions = (
				en,
				es,
				fr,
				de,
				"pt-BR",
			);
			mainGroup = 8AD4D7F327C6D3CB0027A1CC;
			productRefGroup = 8AD4D7FD27C6D3CB0027A1CC /* Products */;
			projectDirPath = "";
			projectRoot = "";
			targets = (
				8AD4D7FB27C6D3CB0027A1CC /* PreguntasIos */,
				8AD4D80B27C6D3CC0027A1CC /* PreguntasIosTests */,
				8AD4D81527C6D3CC0027A1CC /* PreguntasIosUITests */,
			);
		};
/* End PBXProject section */

/* Begin PBXResourcesBuildPhase section */
		8AD4D7FA27C6D3CB0027A1CC /* Resources */ = {
			isa = PBXResourcesBuildPhase;
			buildActionMask = 2147483647;
			files = (
				8AD4D80727C6D3CC0027A1CC /* Preview Assets.xcassets in Resources */,
				8A45798227C9747500084EC3 /* Localizable.strings in Resources */,
				8A2E174427CBB1B5003FE06E /* Assets.xcassets in Resources */,
				8A770F1E27C7C197007B32F4 /* preguntas.json in Resources */,
			);
			runOnlyForDeploymentPostprocessing = 0;
		};
		8AD4D80A27C6D3CC0027A1CC /* Resources */ = {
			isa = PBXResourcesBuildPhase;
			buildActionMask = 2147483647;
			files = (
			);
			runOnlyForDeploymentPostprocessing = 0;
		};
		8AD4D81427C6D3CC0027A1CC /* Resources */ = {
			isa = PBXResourcesBuildPhase;
			buildActionMask = 2147483647;
			files = (
			);
			runOnlyForDeploymentPostprocessing = 0;
		};
/* End PBXResourcesBuildPhase section */

/* Begin PBXShellScriptBuildPhase section */
		8A6163DA27C7EC3D00A6AD9E /* SwiftLint */ = {
			isa = PBXShellScriptBuildPhase;
			buildActionMask = 2147483647;
			files = (
			);
			inputFileListPaths = (
			);
			inputPaths = (
			);
			name = SwiftLint;
			outputFileListPaths = (
			);
			outputPaths = (
			);
			runOnlyForDeploymentPostprocessing = 0;
			shellPath = /bin/sh;
			shellScript = "if test -d \"/opt/homebrew/bin/\"; then\n  PATH=\"/opt/homebrew/bin/:${PATH}\"\nfi\n\nexport PATH\n\nif which swiftlint >/dev/null; then\n  swiftlint\nelse\n  echo \"warning: SwiftLint not installed, download from https://github.com/realm/SwiftLint\"\nfi\n";
		};
/* End PBXShellScriptBuildPhase section */

/* Begin PBXSourcesBuildPhase section */
		8AD4D7F827C6D3CB0027A1CC /* Sources */ = {
			isa = PBXSourcesBuildPhase;
			buildActionMask = 2147483647;
			files = (
				8AFE69F827CF992900BA719F /* PlayersSetupViewModel.swift in Sources */,
				8AD4D84E27C6E63E0027A1CC /* SplashViewModel.swift in Sources */,
				8AFE6A0227D046AB00BA719F /* GameViewModel.swift in Sources */,
				8AD4D83427C6D5D50027A1CC /* GameMode.swift in Sources */,
				8AD3EA6427D28C4200951276 /* HomeCoordinatorView.swift in Sources */,
				8A1E84BE27C7FC9800DC04A1 /* GameAPIEndpoint.swift in Sources */,
				8AD4D82C27C6D4D90027A1CC /* Question.swift in Sources */,
				8AFE6A0027D046A200BA719F /* GameView.swift in Sources */,
				8AD4D83827C6D6340027A1CC /* FeedbackSatisfaction.swift in Sources */,
				8AD4D80027C6D3CB0027A1CC /* PreguntasIosApp.swift in Sources */,
				8AD4D83B27C6D70C0027A1CC /* GameUseCase.swift in Sources */,
				8A2E174C27CBC63F003FE06E /* SettingsView.swift in Sources */,
				8AD3EA6627D28C6800951276 /* HomeCoordinator.swift in Sources */,
				8AED223B27D83030006F7AB4 /* View+Navigation.swift in Sources */,
				8A2E174E27CBC649003FE06E /* SettingsViewModel.swift in Sources */,
				8AD4D83627C6D6180027A1CC /* FeedbackType.swift in Sources */,
				8A45797B27C9400300084EC3 /* GameAPIClient.swift in Sources */,
				8A45797E27C964BD00084EC3 /* APIErrorMapper.swift in Sources */,
				8AD4D85D27C6ECB30027A1CC /* HTTPMethod.swift in Sources */,
				8AD4D83227C6D5A10027A1CC /* Language.swift in Sources */,
				8AD4D85427C6E9B70027A1CC /* AnyPublisher+Create.swift in Sources */,
				8AD4D86B27C713B20027A1CC /* EnvironmentConfig.swift in Sources */,
				8AD4D83027C6D54F0027A1CC /* Questions.swift in Sources */,
				8AD4D85127C6E92B0027A1CC /* NetworkResponse.swift in Sources */,
				8AFE69F627CF991F00BA719F /* PlayersSetupView.swift in Sources */,
				8AD4D82E27C6D5210027A1CC /* QuestionCategory.swift in Sources */,
				8A45797927C93E7800084EC3 /* Typealiases.swift in Sources */,
				8AFE6A0427D0492200BA719F /* Player.swift in Sources */,
				8AD4D84C27C6E5F80027A1CC /* SplashView.swift in Sources */,
			);
			runOnlyForDeploymentPostprocessing = 0;
		};
		8AD4D80827C6D3CC0027A1CC /* Sources */ = {
			isa = PBXSourcesBuildPhase;
			buildActionMask = 2147483647;
			files = (
				8AD4D81127C6D3CC0027A1CC /* PreguntasIosTests.swift in Sources */,
			);
			runOnlyForDeploymentPostprocessing = 0;
		};
		8AD4D81227C6D3CC0027A1CC /* Sources */ = {
			isa = PBXSourcesBuildPhase;
			buildActionMask = 2147483647;
			files = (
				8AD4D81D27C6D3CC0027A1CC /* PreguntasIosUITestsLaunchTests.swift in Sources */,
				8AD4D81B27C6D3CC0027A1CC /* PreguntasIosUITests.swift in Sources */,
			);
			runOnlyForDeploymentPostprocessing = 0;
		};
/* End PBXSourcesBuildPhase section */

/* Begin PBXTargetDependency section */
		8AD4D80E27C6D3CC0027A1CC /* PBXTargetDependency */ = {
			isa = PBXTargetDependency;
			target = 8AD4D7FB27C6D3CB0027A1CC /* PreguntasIos */;
			targetProxy = 8AD4D80D27C6D3CC0027A1CC /* PBXContainerItemProxy */;
		};
		8AD4D81827C6D3CC0027A1CC /* PBXTargetDependency */ = {
			isa = PBXTargetDependency;
			target = 8AD4D7FB27C6D3CB0027A1CC /* PreguntasIos */;
			targetProxy = 8AD4D81727C6D3CC0027A1CC /* PBXContainerItemProxy */;
		};
/* End PBXTargetDependency section */

/* Begin PBXVariantGroup section */
		8A45798427C9747500084EC3 /* Localizable.strings */ = {
			isa = PBXVariantGroup;
			children = (
				8A45798327C9747500084EC3 /* en */,
				8A45798527C9747900084EC3 /* fr */,
				8A45798627C9747A00084EC3 /* de */,
				8A45798727C9747B00084EC3 /* pt-BR */,
				8A45798827C9747C00084EC3 /* es */,
			);
			name = Localizable.strings;
			sourceTree = "<group>";
		};
/* End PBXVariantGroup section */

/* Begin XCBuildConfiguration section */
		8AD4D81E27C6D3CC0027A1CC /* Debug */ = {
			isa = XCBuildConfiguration;
			buildSettings = {
				ALWAYS_SEARCH_USER_PATHS = NO;
				CLANG_ANALYZER_NONNULL = YES;
				CLANG_ANALYZER_NUMBER_OBJECT_CONVERSION = YES_AGGRESSIVE;
				CLANG_CXX_LANGUAGE_STANDARD = "gnu++17";
				CLANG_CXX_LIBRARY = "libc++";
				CLANG_ENABLE_MODULES = YES;
				CLANG_ENABLE_OBJC_ARC = YES;
				CLANG_ENABLE_OBJC_WEAK = YES;
				CLANG_WARN_BLOCK_CAPTURE_AUTORELEASING = YES;
				CLANG_WARN_BOOL_CONVERSION = YES;
				CLANG_WARN_COMMA = YES;
				CLANG_WARN_CONSTANT_CONVERSION = YES;
				CLANG_WARN_DEPRECATED_OBJC_IMPLEMENTATIONS = YES;
				CLANG_WARN_DIRECT_OBJC_ISA_USAGE = YES_ERROR;
				CLANG_WARN_DOCUMENTATION_COMMENTS = YES;
				CLANG_WARN_EMPTY_BODY = YES;
				CLANG_WARN_ENUM_CONVERSION = YES;
				CLANG_WARN_INFINITE_RECURSION = YES;
				CLANG_WARN_INT_CONVERSION = YES;
				CLANG_WARN_NON_LITERAL_NULL_CONVERSION = YES;
				CLANG_WARN_OBJC_IMPLICIT_RETAIN_SELF = YES;
				CLANG_WARN_OBJC_LITERAL_CONVERSION = YES;
				CLANG_WARN_OBJC_ROOT_CLASS = YES_ERROR;
				CLANG_WARN_QUOTED_INCLUDE_IN_FRAMEWORK_HEADER = YES;
				CLANG_WARN_RANGE_LOOP_ANALYSIS = YES;
				CLANG_WARN_STRICT_PROTOTYPES = YES;
				CLANG_WARN_SUSPICIOUS_MOVE = YES;
				CLANG_WARN_UNGUARDED_AVAILABILITY = YES_AGGRESSIVE;
				CLANG_WARN_UNREACHABLE_CODE = YES;
				CLANG_WARN__DUPLICATE_METHOD_MATCH = YES;
				COPY_PHASE_STRIP = NO;
				DEBUG_INFORMATION_FORMAT = dwarf;
				ENABLE_STRICT_OBJC_MSGSEND = YES;
				ENABLE_TESTABILITY = YES;
				GCC_C_LANGUAGE_STANDARD = gnu11;
				GCC_DYNAMIC_NO_PIC = NO;
				GCC_NO_COMMON_BLOCKS = YES;
				GCC_OPTIMIZATION_LEVEL = 0;
				GCC_PREPROCESSOR_DEFINITIONS = (
					"DEBUG=1",
					"$(inherited)",
				);
				GCC_WARN_64_TO_32_BIT_CONVERSION = YES;
				GCC_WARN_ABOUT_RETURN_TYPE = YES_ERROR;
				GCC_WARN_UNDECLARED_SELECTOR = YES;
				GCC_WARN_UNINITIALIZED_AUTOS = YES_AGGRESSIVE;
				GCC_WARN_UNUSED_FUNCTION = YES;
				GCC_WARN_UNUSED_VARIABLE = YES;
				IPHONEOS_DEPLOYMENT_TARGET = 15.0;
				MTL_ENABLE_DEBUG_INFO = INCLUDE_SOURCE;
				MTL_FAST_MATH = YES;
				ONLY_ACTIVE_ARCH = YES;
				SDKROOT = iphoneos;
				SWIFT_ACTIVE_COMPILATION_CONDITIONS = DEBUG;
				SWIFT_OPTIMIZATION_LEVEL = "-Onone";
			};
			name = Debug;
		};
		8AD4D81F27C6D3CC0027A1CC /* Release */ = {
			isa = XCBuildConfiguration;
			buildSettings = {
				ALWAYS_SEARCH_USER_PATHS = NO;
				CLANG_ANALYZER_NONNULL = YES;
				CLANG_ANALYZER_NUMBER_OBJECT_CONVERSION = YES_AGGRESSIVE;
				CLANG_CXX_LANGUAGE_STANDARD = "gnu++17";
				CLANG_CXX_LIBRARY = "libc++";
				CLANG_ENABLE_MODULES = YES;
				CLANG_ENABLE_OBJC_ARC = YES;
				CLANG_ENABLE_OBJC_WEAK = YES;
				CLANG_WARN_BLOCK_CAPTURE_AUTORELEASING = YES;
				CLANG_WARN_BOOL_CONVERSION = YES;
				CLANG_WARN_COMMA = YES;
				CLANG_WARN_CONSTANT_CONVERSION = YES;
				CLANG_WARN_DEPRECATED_OBJC_IMPLEMENTATIONS = YES;
				CLANG_WARN_DIRECT_OBJC_ISA_USAGE = YES_ERROR;
				CLANG_WARN_DOCUMENTATION_COMMENTS = YES;
				CLANG_WARN_EMPTY_BODY = YES;
				CLANG_WARN_ENUM_CONVERSION = YES;
				CLANG_WARN_INFINITE_RECURSION = YES;
				CLANG_WARN_INT_CONVERSION = YES;
				CLANG_WARN_NON_LITERAL_NULL_CONVERSION = YES;
				CLANG_WARN_OBJC_IMPLICIT_RETAIN_SELF = YES;
				CLANG_WARN_OBJC_LITERAL_CONVERSION = YES;
				CLANG_WARN_OBJC_ROOT_CLASS = YES_ERROR;
				CLANG_WARN_QUOTED_INCLUDE_IN_FRAMEWORK_HEADER = YES;
				CLANG_WARN_RANGE_LOOP_ANALYSIS = YES;
				CLANG_WARN_STRICT_PROTOTYPES = YES;
				CLANG_WARN_SUSPICIOUS_MOVE = YES;
				CLANG_WARN_UNGUARDED_AVAILABILITY = YES_AGGRESSIVE;
				CLANG_WARN_UNREACHABLE_CODE = YES;
				CLANG_WARN__DUPLICATE_METHOD_MATCH = YES;
				COPY_PHASE_STRIP = NO;
				DEBUG_INFORMATION_FORMAT = "dwarf-with-dsym";
				ENABLE_NS_ASSERTIONS = NO;
				ENABLE_STRICT_OBJC_MSGSEND = YES;
				GCC_C_LANGUAGE_STANDARD = gnu11;
				GCC_NO_COMMON_BLOCKS = YES;
				GCC_WARN_64_TO_32_BIT_CONVERSION = YES;
				GCC_WARN_ABOUT_RETURN_TYPE = YES_ERROR;
				GCC_WARN_UNDECLARED_SELECTOR = YES;
				GCC_WARN_UNINITIALIZED_AUTOS = YES_AGGRESSIVE;
				GCC_WARN_UNUSED_FUNCTION = YES;
				GCC_WARN_UNUSED_VARIABLE = YES;
				IPHONEOS_DEPLOYMENT_TARGET = 15.0;
				MTL_ENABLE_DEBUG_INFO = NO;
				MTL_FAST_MATH = YES;
				SDKROOT = iphoneos;
				SWIFT_COMPILATION_MODE = wholemodule;
				SWIFT_OPTIMIZATION_LEVEL = "-O";
				VALIDATE_PRODUCT = YES;
			};
			name = Release;
		};
		8AD4D82127C6D3CC0027A1CC /* Debug */ = {
			isa = XCBuildConfiguration;
			buildSettings = {
				ASSETCATALOG_COMPILER_APPICON_NAME = AppIcon;
				ASSETCATALOG_COMPILER_GLOBAL_ACCENT_COLOR_NAME = AccentColor;
				ASSETCATALOG_COMPILER_INCLUDE_ALL_APPICON_ASSETS = NO;
				CODE_SIGN_IDENTITY = "iPhone Distribution";
				CODE_SIGN_STYLE = Manual;
				CURRENT_PROJECT_VERSION = 2;
				DEVELOPMENT_ASSET_PATHS = "\"PreguntasIos/Preview Content\"";
				DEVELOPMENT_TEAM = 9B334YL85T;
				ENABLE_PREVIEWS = YES;
				ENVIRONMENT = staging;
				GENERATE_INFOPLIST_FILE = YES;
				INFOPLIST_FILE = PreguntasIos/Info.plist;
				INFOPLIST_KEY_CFBundleDisplayName = Preguntas;
				INFOPLIST_KEY_UIApplicationSceneManifest_Generation = YES;
				INFOPLIST_KEY_UIApplicationSupportsIndirectInputEvents = YES;
				INFOPLIST_KEY_UILaunchScreen_Generation = YES;
				INFOPLIST_KEY_UISupportedInterfaceOrientations = UIInterfaceOrientationPortrait;
				INFOPLIST_KEY_UISupportedInterfaceOrientations_iPad = "UIInterfaceOrientationPortrait UIInterfaceOrientationPortraitUpsideDown UIInterfaceOrientationLandscapeLeft UIInterfaceOrientationLandscapeRight";
				INFOPLIST_KEY_UISupportedInterfaceOrientations_iPhone = "UIInterfaceOrientationPortrait UIInterfaceOrientationLandscapeLeft UIInterfaceOrientationLandscapeRight";
				LD_RUNPATH_SEARCH_PATHS = (
					"$(inherited)",
					"@executable_path/Frameworks",
				);
				MARKETING_VERSION = 1.0;
				PRODUCT_BUNDLE_IDENTIFIER = com.automata.preguntas;
				PRODUCT_NAME = "$(TARGET_NAME)";
				PROVISIONING_PROFILE_SPECIFIER = "Preguntas App Provisioning Profile";
				SWIFT_EMIT_LOC_STRINGS = YES;
				SWIFT_VERSION = 5.0;
				TARGETED_DEVICE_FAMILY = "1,2";
			};
			name = Debug;
		};
		8AD4D82227C6D3CC0027A1CC /* Release */ = {
			isa = XCBuildConfiguration;
			buildSettings = {
				ASSETCATALOG_COMPILER_APPICON_NAME = AppIcon;
				ASSETCATALOG_COMPILER_GLOBAL_ACCENT_COLOR_NAME = AccentColor;
				ASSETCATALOG_COMPILER_INCLUDE_ALL_APPICON_ASSETS = NO;
				CODE_SIGN_IDENTITY = "iPhone Distribution";
				CODE_SIGN_STYLE = Manual;
				CURRENT_PROJECT_VERSION = 2;
				DEVELOPMENT_ASSET_PATHS = "\"PreguntasIos/Preview Content\"";
				DEVELOPMENT_TEAM = 9B334YL85T;
				ENABLE_PREVIEWS = YES;
				ENVIRONMENT = production;
				GENERATE_INFOPLIST_FILE = YES;
				INFOPLIST_FILE = PreguntasIos/Info.plist;
				INFOPLIST_KEY_CFBundleDisplayName = Preguntas;
				INFOPLIST_KEY_UIApplicationSceneManifest_Generation = YES;
				INFOPLIST_KEY_UIApplicationSupportsIndirectInputEvents = YES;
				INFOPLIST_KEY_UILaunchScreen_Generation = YES;
				INFOPLIST_KEY_UISupportedInterfaceOrientations = UIInterfaceOrientationPortrait;
				INFOPLIST_KEY_UISupportedInterfaceOrientations_iPad = "UIInterfaceOrientationPortrait UIInterfaceOrientationPortraitUpsideDown UIInterfaceOrientationLandscapeLeft UIInterfaceOrientationLandscapeRight";
				INFOPLIST_KEY_UISupportedInterfaceOrientations_iPhone = "UIInterfaceOrientationPortrait UIInterfaceOrientationLandscapeLeft UIInterfaceOrientationLandscapeRight";
				LD_RUNPATH_SEARCH_PATHS = (
					"$(inherited)",
					"@executable_path/Frameworks",
				);
				MARKETING_VERSION = 1.0;
				PRODUCT_BUNDLE_IDENTIFIER = com.automata.preguntas;
				PRODUCT_NAME = "$(TARGET_NAME)";
				PROVISIONING_PROFILE_SPECIFIER = "match AppStore com.automata.preguntas";
				SWIFT_EMIT_LOC_STRINGS = YES;
				SWIFT_VERSION = 5.0;
				TARGETED_DEVICE_FAMILY = "1,2";
			};
			name = Release;
		};
		8AD4D82427C6D3CC0027A1CC /* Debug */ = {
			isa = XCBuildConfiguration;
			buildSettings = {
				ALWAYS_EMBED_SWIFT_STANDARD_LIBRARIES = YES;
				BUNDLE_LOADER = "$(TEST_HOST)";
				CODE_SIGN_STYLE = Automatic;
				CURRENT_PROJECT_VERSION = 2;
				DEVELOPMENT_TEAM = GFG4A69RG7;
				GENERATE_INFOPLIST_FILE = YES;
				IPHONEOS_DEPLOYMENT_TARGET = 15.0;
				LD_RUNPATH_SEARCH_PATHS = (
					"$(inherited)",
					"@executable_path/Frameworks",
					"@loader_path/Frameworks",
				);
				MARKETING_VERSION = 1.0;
				PRODUCT_BUNDLE_IDENTIFIER = com.automata.preguntas.PreguntasIosTests;
				PRODUCT_NAME = "$(TARGET_NAME)";
				SWIFT_EMIT_LOC_STRINGS = NO;
				SWIFT_VERSION = 5.0;
				TARGETED_DEVICE_FAMILY = "1,2";
				TEST_HOST = "$(BUILT_PRODUCTS_DIR)/PreguntasIos.app/PreguntasIos";
			};
			name = Debug;
		};
		8AD4D82527C6D3CC0027A1CC /* Release */ = {
			isa = XCBuildConfiguration;
			buildSettings = {
				ALWAYS_EMBED_SWIFT_STANDARD_LIBRARIES = YES;
				BUNDLE_LOADER = "$(TEST_HOST)";
				CODE_SIGN_STYLE = Automatic;
				CURRENT_PROJECT_VERSION = 2;
				DEVELOPMENT_TEAM = GFG4A69RG7;
				GENERATE_INFOPLIST_FILE = YES;
				IPHONEOS_DEPLOYMENT_TARGET = 15.0;
				LD_RUNPATH_SEARCH_PATHS = (
					"$(inherited)",
					"@executable_path/Frameworks",
					"@loader_path/Frameworks",
				);
				MARKETING_VERSION = 1.0;
				PRODUCT_BUNDLE_IDENTIFIER = com.automata.preguntas.PreguntasIosTests;
				PRODUCT_NAME = "$(TARGET_NAME)";
				SWIFT_EMIT_LOC_STRINGS = NO;
				SWIFT_VERSION = 5.0;
				TARGETED_DEVICE_FAMILY = "1,2";
				TEST_HOST = "$(BUILT_PRODUCTS_DIR)/PreguntasIos.app/PreguntasIos";
			};
			name = Release;
		};
		8AD4D82727C6D3CC0027A1CC /* Debug */ = {
			isa = XCBuildConfiguration;
			buildSettings = {
				ALWAYS_EMBED_SWIFT_STANDARD_LIBRARIES = YES;
				CODE_SIGN_STYLE = Automatic;
				CURRENT_PROJECT_VERSION = 2;
				DEVELOPMENT_TEAM = GFG4A69RG7;
				GENERATE_INFOPLIST_FILE = YES;
				LD_RUNPATH_SEARCH_PATHS = (
					"$(inherited)",
					"@executable_path/Frameworks",
					"@loader_path/Frameworks",
				);
				MARKETING_VERSION = 1.0;
				PRODUCT_BUNDLE_IDENTIFIER = com.automata.preguntas.PreguntasIosUITests;
				PRODUCT_NAME = "$(TARGET_NAME)";
				SWIFT_EMIT_LOC_STRINGS = NO;
				SWIFT_VERSION = 5.0;
				TARGETED_DEVICE_FAMILY = "1,2";
				TEST_TARGET_NAME = PreguntasIos;
			};
			name = Debug;
		};
		8AD4D82827C6D3CC0027A1CC /* Release */ = {
			isa = XCBuildConfiguration;
			buildSettings = {
				ALWAYS_EMBED_SWIFT_STANDARD_LIBRARIES = YES;
				CODE_SIGN_STYLE = Automatic;
				CURRENT_PROJECT_VERSION = 2;
				DEVELOPMENT_TEAM = GFG4A69RG7;
				GENERATE_INFOPLIST_FILE = YES;
				LD_RUNPATH_SEARCH_PATHS = (
					"$(inherited)",
					"@executable_path/Frameworks",
					"@loader_path/Frameworks",
				);
				MARKETING_VERSION = 1.0;
				PRODUCT_BUNDLE_IDENTIFIER = com.automata.preguntas.PreguntasIosUITests;
				PRODUCT_NAME = "$(TARGET_NAME)";
				SWIFT_EMIT_LOC_STRINGS = NO;
				SWIFT_VERSION = 5.0;
				TARGETED_DEVICE_FAMILY = "1,2";
				TEST_TARGET_NAME = PreguntasIos;
			};
			name = Release;
		};
/* End XCBuildConfiguration section */

/* Begin XCConfigurationList section */
		8AD4D7F727C6D3CB0027A1CC /* Build configuration list for PBXProject "PreguntasIos" */ = {
			isa = XCConfigurationList;
			buildConfigurations = (
				8AD4D81E27C6D3CC0027A1CC /* Debug */,
				8AD4D81F27C6D3CC0027A1CC /* Release */,
			);
			defaultConfigurationIsVisible = 0;
			defaultConfigurationName = Release;
		};
		8AD4D82027C6D3CC0027A1CC /* Build configuration list for PBXNativeTarget "PreguntasIos" */ = {
			isa = XCConfigurationList;
			buildConfigurations = (
				8AD4D82127C6D3CC0027A1CC /* Debug */,
				8AD4D82227C6D3CC0027A1CC /* Release */,
			);
			defaultConfigurationIsVisible = 0;
			defaultConfigurationName = Release;
		};
		8AD4D82327C6D3CC0027A1CC /* Build configuration list for PBXNativeTarget "PreguntasIosTests" */ = {
			isa = XCConfigurationList;
			buildConfigurations = (
				8AD4D82427C6D3CC0027A1CC /* Debug */,
				8AD4D82527C6D3CC0027A1CC /* Release */,
			);
			defaultConfigurationIsVisible = 0;
			defaultConfigurationName = Release;
		};
		8AD4D82627C6D3CC0027A1CC /* Build configuration list for PBXNativeTarget "PreguntasIosUITests" */ = {
			isa = XCConfigurationList;
			buildConfigurations = (
				8AD4D82727C6D3CC0027A1CC /* Debug */,
				8AD4D82827C6D3CC0027A1CC /* Release */,
			);
			defaultConfigurationIsVisible = 0;
			defaultConfigurationName = Release;
		};
/* End XCConfigurationList section */
	};
	rootObject = 8AD4D7F427C6D3CB0027A1CC /* Project object */;
}
